# This file is automatically @generated by Cargo.
# It is not intended for manual editing.
version = 4

[[package]]
name = "pa-rs"
version = "0.1.5"
source = "registry+https://github.com/rust-lang/crates.io-index"
checksum = "2b4b214af5944dfd24b673d20d2b1086601e5e2f3dece7877f364cf9377c374a"

[[package]]
name = "sigma16"
version = "0.1.0"
dependencies = [
 "pa-rs",
]
